
Microsoft Visual Studio Solution File, Format Version 12.00
# Visual Studio Version 17
VisualStudioVersion = 17.9.34728.123
MinimumVisualStudioVersion = 10.0.40219.1
Project("{FAE04EC0-301F-11D3-BF4B-00C04F79EFBC}") = "Elemendid_vormis_TARpv23", "Elemendid_vormis_TARpv23.csproj", "{8B4294BC-7113-4E79-A0D2-67253D0958EA}"
EndProject
Global
	GlobalSection(SolutionConfigurationPlatforms) = preSolution
		Debug|Any CPU = Debug|Any CPU
		Release|Any CPU = Release|Any CPU
	EndGlobalSection
	GlobalSection(ProjectConfigurationPlatforms) = postSolution
		{8B4294BC-7113-4E79-A0D2-67253D0958EA}.Debug|Any CPU.ActiveCfg = Debug|Any CPU
		{8B4294BC-7113-4E79-A0D2-67253D0958EA}.Debug|Any CPU.Build.0 = Debug|Any CPU
		{8B4294BC-7113-4E79-A0D2-67253D0958EA}.Release|Any CPU.ActiveCfg = Release|Any CPU
		{8B4294BC-7113-4E79-A0D2-67253D0958EA}.Release|Any CPU.Build.0 = Release|Any CPU
	EndGlobalSection
	GlobalSection(SolutionProperties) = preSolution
		HideSolutionNode = FALSE
	EndGlobalSection
	GlobalSection(ExtensibilityGlobals) = postSolution
		SolutionGuid = {22634739-5D94-41EE-A97D-33E4843B452F}
	EndGlobalSection
EndGlobal
